
Microsoft Visual Studio Solution File, Format Version 12.00
# Visual Studio Version 16
VisualStudioVersion = 25.0.1705.5
MinimumVisualStudioVersion = 10.0.40219.1
Project("{FAE04EC0-301F-11D3-BF4B-00C04F79EFBC}") = "eduson duygu", "eduson duygu.csproj", "{438423A9-88D9-4346-A406-3CCF3C38055C}"
EndProject
Global
	GlobalSection(SolutionConfigurationPlatforms) = preSolution
		Debug|Any CPU = Debug|Any CPU
		Release|Any CPU = Release|Any CPU
	EndGlobalSection
	GlobalSection(ProjectConfigurationPlatforms) = postSolution
		{438423A9-88D9-4346-A406-3CCF3C38055C}.Debug|Any CPU.ActiveCfg = Debug|Any CPU
		{438423A9-88D9-4346-A406-3CCF3C38055C}.Debug|Any CPU.Build.0 = Debug|Any CPU
		{438423A9-88D9-4346-A406-3CCF3C38055C}.Release|Any CPU.ActiveCfg = Release|Any CPU
		{438423A9-88D9-4346-A406-3CCF3C38055C}.Release|Any CPU.Build.0 = Release|Any CPU
	EndGlobalSection
	GlobalSection(SolutionProperties) = preSolution
		HideSolutionNode = FALSE
	EndGlobalSection
	GlobalSection(ExtensibilityGlobals) = postSolution
		SolutionGuid = {7DA2AA1B-C4C9-475D-B1D0-82C733B44CEE}
	EndGlobalSection
EndGlobal
